
Microsoft Visual Studio Solution File, Format Version 12.00
# Visual Studio Version 17
VisualStudioVersion = 17.3.32804.467
MinimumVisualStudioVersion = 10.0.40219.1
Project("{2150E333-8FDC-42A3-9474-1A3956D46DE8}") = "GRPCInterface", "GRPCInterface", "{972F9ED2-3AD9-415D-9DCF-C033E1D740FF}"
EndProject
Project("{FAE04EC0-301F-11D3-BF4B-00C04F79EFBC}") = "GrpcInterface", "GrpcInterface\GrpcInterface.csproj", "{562585B3-492D-4436-B740-F951F996B933}"
EndProject
Project("{2150E333-8FDC-42A3-9474-1A3956D46DE8}") = "Infrastructure", "Infrastructure", "{E3CFCC05-38E8-4E81-9489-4FAE0340D29C}"
EndProject
Project("{2150E333-8FDC-42A3-9474-1A3956D46DE8}") = "HR", "HR", "{525718DD-3171-454B-AFE7-8633D4D37FCA}"
EndProject
Project("{2150E333-8FDC-42A3-9474-1A3956D46DE8}") = "ITSecurity", "ITSecurity", "{022D33A6-BD00-42F2-B0BA-6D8E1B61503A}"
EndProject
Project("{FAE04EC0-301F-11D3-BF4B-00C04F79EFBC}") = "HRService", "HR\HRService.csproj", "{587A5AC6-18AE-46D1-A78E-5EF3D252A519}"
EndProject
Project("{FAE04EC0-301F-11D3-BF4B-00C04F79EFBC}") = "InfrastructureService", "InfrastructureService\InfrastructureService.csproj", "{E8E0B98C-A256-4596-90CD-6A12F47309B6}"
EndProject
Project("{FAE04EC0-301F-11D3-BF4B-00C04F79EFBC}") = "ITSecurityService", "ITSecurityService\ITSecurityService.csproj", "{53A7F486-83EC-4EFD-9351-1DD4636E085D}"
EndProject
Project("{2150E333-8FDC-42A3-9474-1A3956D46DE8}") = "User", "User", "{F7593047-8F40-43D7-BFEA-5697D2518236}"
EndProject
Project("{FAE04EC0-301F-11D3-BF4B-00C04F79EFBC}") = "UserService", "UserService\UserService.csproj", "{262B5BA8-E4A7-45BD-94AE-1217791473C2}"
EndProject
Project("{FAE04EC0-301F-11D3-BF4B-00C04F79EFBC}") = "User.Core", "User.Core\User.Core.csproj", "{56A29D21-2BE1-4013-83DD-D4FE27CB3656}"
EndProject
Project("{FAE04EC0-301F-11D3-BF4B-00C04F79EFBC}") = "User.Infrastructure", "User.Infrastructure\User.Infrastructure.csproj", "{173828EE-B17B-4314-8C21-82188207F3A0}"
EndProject
Project("{FAE04EC0-301F-11D3-BF4B-00C04F79EFBC}") = "ITSecurity.Core", "ITSecurity.Core\ITSecurity.Core.csproj", "{76A1BCAD-6D5C-448F-9984-AECB803469D5}"
EndProject
Project("{FAE04EC0-301F-11D3-BF4B-00C04F79EFBC}") = "ITSecurity.Infrastructure", "ITSecurity.Infrastructure\ITSecurity.Infrastructure.csproj", "{3A65144E-6F05-4AE1-ADFC-B50EF9C47CC2}"
EndProject
Project("{FAE04EC0-301F-11D3-BF4B-00C04F79EFBC}") = "Infrastructure.Infrastructure", "Infrastructure.Infrastructure\Infrastructure.Infrastructure.csproj", "{7F09F0EB-A9EC-4B85-A5EA-2D1806CB9D5C}"
EndProject
Project("{FAE04EC0-301F-11D3-BF4B-00C04F79EFBC}") = "Infrastructure.Core", "Infrastructure.Core\Infrastructure.Core.csproj", "{B68E677D-9223-4B4A-A7E6-79B7B57DBF0D}"
EndProject
Project("{FAE04EC0-301F-11D3-BF4B-00C04F79EFBC}") = "HR.Core", "HR.Core\HR.Core.csproj", "{A7A13D85-9D25-4C34-984A-F7F40BBA9F6A}"
EndProject
Project("{FAE04EC0-301F-11D3-BF4B-00C04F79EFBC}") = "HR.Infrastructure", "HR.Infrastructure\HR.Infrastructure.csproj", "{A8E8586E-80E0-42A4-9A25-C6DE63567092}"
EndProject
Global
	GlobalSection(SolutionConfigurationPlatforms) = preSolution
		Debug|Any CPU = Debug|Any CPU
		Release|Any CPU = Release|Any CPU
	EndGlobalSection
	GlobalSection(ProjectConfigurationPlatforms) = postSolution
		{562585B3-492D-4436-B740-F951F996B933}.Debug|Any CPU.ActiveCfg = Debug|Any CPU
		{562585B3-492D-4436-B740-F951F996B933}.Debug|Any CPU.Build.0 = Debug|Any CPU
		{562585B3-492D-4436-B740-F951F996B933}.Release|Any CPU.ActiveCfg = Release|Any CPU
		{562585B3-492D-4436-B740-F951F996B933}.Release|Any CPU.Build.0 = Release|Any CPU
		{587A5AC6-18AE-46D1-A78E-5EF3D252A519}.Debug|Any CPU.ActiveCfg = Debug|Any CPU
		{587A5AC6-18AE-46D1-A78E-5EF3D252A519}.Debug|Any CPU.Build.0 = Debug|Any CPU
		{587A5AC6-18AE-46D1-A78E-5EF3D252A519}.Release|Any CPU.ActiveCfg = Release|Any CPU
		{587A5AC6-18AE-46D1-A78E-5EF3D252A519}.Release|Any CPU.Build.0 = Release|Any CPU
		{E8E0B98C-A256-4596-90CD-6A12F47309B6}.Debug|Any CPU.ActiveCfg = Debug|Any CPU
		{E8E0B98C-A256-4596-90CD-6A12F47309B6}.Debug|Any CPU.Build.0 = Debug|Any CPU
		{E8E0B98C-A256-4596-90CD-6A12F47309B6}.Release|Any CPU.ActiveCfg = Release|Any CPU
		{E8E0B98C-A256-4596-90CD-6A12F47309B6}.Release|Any CPU.Build.0 = Release|Any CPU
		{53A7F486-83EC-4EFD-9351-1DD4636E085D}.Debug|Any CPU.ActiveCfg = Debug|Any CPU
		{53A7F486-83EC-4EFD-9351-1DD4636E085D}.Debug|Any CPU.Build.0 = Debug|Any CPU
		{53A7F486-83EC-4EFD-9351-1DD4636E085D}.Release|Any CPU.ActiveCfg = Release|Any CPU
		{53A7F486-83EC-4EFD-9351-1DD4636E085D}.Release|Any CPU.Build.0 = Release|Any CPU
		{262B5BA8-E4A7-45BD-94AE-1217791473C2}.Debug|Any CPU.ActiveCfg = Debug|Any CPU
		{262B5BA8-E4A7-45BD-94AE-1217791473C2}.Debug|Any CPU.Build.0 = Debug|Any CPU
		{262B5BA8-E4A7-45BD-94AE-1217791473C2}.Release|Any CPU.ActiveCfg = Release|Any CPU
		{262B5BA8-E4A7-45BD-94AE-1217791473C2}.Release|Any CPU.Build.0 = Release|Any CPU
		{56A29D21-2BE1-4013-83DD-D4FE27CB3656}.Debug|Any CPU.ActiveCfg = Debug|Any CPU
		{56A29D21-2BE1-4013-83DD-D4FE27CB3656}.Debug|Any CPU.Build.0 = Debug|Any CPU
		{56A29D21-2BE1-4013-83DD-D4FE27CB3656}.Release|Any CPU.ActiveCfg = Release|Any CPU
		{56A29D21-2BE1-4013-83DD-D4FE27CB3656}.Release|Any CPU.Build.0 = Release|Any CPU
		{173828EE-B17B-4314-8C21-82188207F3A0}.Debug|Any CPU.ActiveCfg = Debug|Any CPU
		{173828EE-B17B-4314-8C21-82188207F3A0}.Debug|Any CPU.Build.0 = Debug|Any CPU
		{173828EE-B17B-4314-8C21-82188207F3A0}.Release|Any CPU.ActiveCfg = Release|Any CPU
		{173828EE-B17B-4314-8C21-82188207F3A0}.Release|Any CPU.Build.0 = Release|Any CPU
		{76A1BCAD-6D5C-448F-9984-AECB803469D5}.Debug|Any CPU.ActiveCfg = Debug|Any CPU
		{76A1BCAD-6D5C-448F-9984-AECB803469D5}.Debug|Any CPU.Build.0 = Debug|Any CPU
		{76A1BCAD-6D5C-448F-9984-AECB803469D5}.Release|Any CPU.ActiveCfg = Release|Any CPU
		{76A1BCAD-6D5C-448F-9984-AECB803469D5}.Release|Any CPU.Build.0 = Release|Any CPU
		{3A65144E-6F05-4AE1-ADFC-B50EF9C47CC2}.Debug|Any CPU.ActiveCfg = Debug|Any CPU
		{3A65144E-6F05-4AE1-ADFC-B50EF9C47CC2}.Debug|Any CPU.Build.0 = Debug|Any CPU
		{3A65144E-6F05-4AE1-ADFC-B50EF9C47CC2}.Release|Any CPU.ActiveCfg = Release|Any CPU
		{3A65144E-6F05-4AE1-ADFC-B50EF9C47CC2}.Release|Any CPU.Build.0 = Release|Any CPU
		{7F09F0EB-A9EC-4B85-A5EA-2D1806CB9D5C}.Debug|Any CPU.ActiveCfg = Debug|Any CPU
		{7F09F0EB-A9EC-4B85-A5EA-2D1806CB9D5C}.Debug|Any CPU.Build.0 = Debug|Any CPU
		{7F09F0EB-A9EC-4B85-A5EA-2D1806CB9D5C}.Release|Any CPU.ActiveCfg = Release|Any CPU
		{7F09F0EB-A9EC-4B85-A5EA-2D1806CB9D5C}.Release|Any CPU.Build.0 = Release|Any CPU
		{B68E677D-9223-4B4A-A7E6-79B7B57DBF0D}.Debug|Any CPU.ActiveCfg = Debug|Any CPU
		{B68E677D-9223-4B4A-A7E6-79B7B57DBF0D}.Debug|Any CPU.Build.0 = Debug|Any CPU
		{B68E677D-9223-4B4A-A7E6-79B7B57DBF0D}.Release|Any CPU.ActiveCfg = Release|Any CPU
		{B68E677D-9223-4B4A-A7E6-79B7B57DBF0D}.Release|Any CPU.Build.0 = Release|Any CPU
		{A7A13D85-9D25-4C34-984A-F7F40BBA9F6A}.Debug|Any CPU.ActiveCfg = Debug|Any CPU
		{A7A13D85-9D25-4C34-984A-F7F40BBA9F6A}.Debug|Any CPU.Build.0 = Debug|Any CPU
		{A7A13D85-9D25-4C34-984A-F7F40BBA9F6A}.Release|Any CPU.ActiveCfg = Release|Any CPU
		{A7A13D85-9D25-4C34-984A-F7F40BBA9F6A}.Release|Any CPU.Build.0 = Release|Any CPU
		{A8E8586E-80E0-42A4-9A25-C6DE63567092}.Debug|Any CPU.ActiveCfg = Debug|Any CPU
		{A8E8586E-80E0-42A4-9A25-C6DE63567092}.Debug|Any CPU.Build.0 = Debug|Any CPU
		{A8E8586E-80E0-42A4-9A25-C6DE63567092}.Release|Any CPU.ActiveCfg = Release|Any CPU
		{A8E8586E-80E0-42A4-9A25-C6DE63567092}.Release|Any CPU.Build.0 = Release|Any CPU
	EndGlobalSection
	GlobalSection(SolutionProperties) = preSolution
		HideSolutionNode = FALSE
	EndGlobalSection
	GlobalSection(NestedProjects) = preSolution
		{562585B3-492D-4436-B740-F951F996B933} = {972F9ED2-3AD9-415D-9DCF-C033E1D740FF}
		{587A5AC6-18AE-46D1-A78E-5EF3D252A519} = {525718DD-3171-454B-AFE7-8633D4D37FCA}
		{E8E0B98C-A256-4596-90CD-6A12F47309B6} = {E3CFCC05-38E8-4E81-9489-4FAE0340D29C}
		{53A7F486-83EC-4EFD-9351-1DD4636E085D} = {022D33A6-BD00-42F2-B0BA-6D8E1B61503A}
		{262B5BA8-E4A7-45BD-94AE-1217791473C2} = {F7593047-8F40-43D7-BFEA-5697D2518236}
		{56A29D21-2BE1-4013-83DD-D4FE27CB3656} = {F7593047-8F40-43D7-BFEA-5697D2518236}
		{173828EE-B17B-4314-8C21-82188207F3A0} = {F7593047-8F40-43D7-BFEA-5697D2518236}
		{76A1BCAD-6D5C-448F-9984-AECB803469D5} = {022D33A6-BD00-42F2-B0BA-6D8E1B61503A}
		{3A65144E-6F05-4AE1-ADFC-B50EF9C47CC2} = {022D33A6-BD00-42F2-B0BA-6D8E1B61503A}
		{7F09F0EB-A9EC-4B85-A5EA-2D1806CB9D5C} = {E3CFCC05-38E8-4E81-9489-4FAE0340D29C}
		{B68E677D-9223-4B4A-A7E6-79B7B57DBF0D} = {E3CFCC05-38E8-4E81-9489-4FAE0340D29C}
		{A7A13D85-9D25-4C34-984A-F7F40BBA9F6A} = {525718DD-3171-454B-AFE7-8633D4D37FCA}
		{A8E8586E-80E0-42A4-9A25-C6DE63567092} = {525718DD-3171-454B-AFE7-8633D4D37FCA}
	EndGlobalSection
	GlobalSection(ExtensibilityGlobals) = postSolution
		SolutionGuid = {BCC82C94-C67A-4EC7-A7DB-E3E2EE5136D2}
	EndGlobalSection
EndGlobal
